
Microsoft Visual Studio Solution File, Format Version 12.00
# Visual Studio Version 16
VisualStudioVersion = 16.0.29911.84
MinimumVisualStudioVersion = 10.0.40219.1
Project("{2150E333-8FDC-42A3-9474-1A3956D46DE8}") = "Domain", "Domain", "{378A7FEE-8048-4432-9017-70357B61AA4B}"
EndProject
Project("{2150E333-8FDC-42A3-9474-1A3956D46DE8}") = "Service", "Service", "{7396CFD9-BC17-4E9C-9ADE-87DB20749A48}"
EndProject
Project("{2150E333-8FDC-42A3-9474-1A3956D46DE8}") = "Application", "Application", "{C74B6ACA-4F68-4C0C-9F97-3F181A8414F6}"
EndProject
Project("{2150E333-8FDC-42A3-9474-1A3956D46DE8}") = "Infra", "Infra", "{9D635B26-76B2-417C-BF79-CE461EC4EC6F}"
EndProject
Project("{2150E333-8FDC-42A3-9474-1A3956D46DE8}") = "Data", "Data", "{02D5C78B-282E-4D5C-AD2D-51E7A9D61CB2}"
EndProject
Project("{9A19103F-16F7-4668-BE54-9A1E7A4F7556}") = "curso.application", "curso.application\curso.application.csproj", "{10D1D811-05A0-4BB5-B4E2-0FD0185865E2}"
EndProject
Project("{9A19103F-16F7-4668-BE54-9A1E7A4F7556}") = "curso.domain", "curso.domain\curso.domain.csproj", "{1206ED19-EEA9-499D-A915-24684AF1C771}"
EndProject
Project("{9A19103F-16F7-4668-BE54-9A1E7A4F7556}") = "curso.service", "curso.service\curso.service.csproj", "{D6EDACB6-634B-4841-87E8-DEBCDD137C7F}"
EndProject
Project("{9A19103F-16F7-4668-BE54-9A1E7A4F7556}") = "curso.infra.data", "curso.infra.data\curso.infra.data.csproj", "{05D00EDB-B543-444F-84E6-C51705718A02}"
EndProject
Project("{2150E333-8FDC-42A3-9474-1A3956D46DE8}") = "Ioc", "Ioc", "{C12FCE53-B5AF-4C3E-8BEC-8AFEF05A739B}"
EndProject
Project("{9A19103F-16F7-4668-BE54-9A1E7A4F7556}") = "curso.Ioc", "curso.Ioc\curso.Ioc.csproj", "{1214FCA0-B62D-4B9A-B5B5-5763373DE0DB}"
EndProject
Project("{2150E333-8FDC-42A3-9474-1A3956D46DE8}") = "Test", "Test", "{835BAD3A-FB18-48F5-8FCA-1E7BD008CC7D}"
EndProject
Project("{9A19103F-16F7-4668-BE54-9A1E7A4F7556}") = "curso.test", "curso.test\curso.test.csproj", "{7606E818-16DB-47B8-A8F1-D0A621F629E2}"
EndProject
Project("{2150E333-8FDC-42A3-9474-1A3956D46DE8}") = "Util", "Util", "{5EBF9166-DE6E-42AF-BBDD-81B108E2E6AD}"
EndProject
Project("{FAE04EC0-301F-11D3-BF4B-00C04F79EFBC}") = "curso.util", "curso.util\curso.util.csproj", "{C25DFB28-05B3-4B4C-A5DB-B6A171952064}"
EndProject
Global
	GlobalSection(SolutionConfigurationPlatforms) = preSolution
		Debug|Any CPU = Debug|Any CPU
		Release|Any CPU = Release|Any CPU
	EndGlobalSection
	GlobalSection(ProjectConfigurationPlatforms) = postSolution
		{10D1D811-05A0-4BB5-B4E2-0FD0185865E2}.Debug|Any CPU.ActiveCfg = Debug|Any CPU
		{10D1D811-05A0-4BB5-B4E2-0FD0185865E2}.Debug|Any CPU.Build.0 = Debug|Any CPU
		{10D1D811-05A0-4BB5-B4E2-0FD0185865E2}.Release|Any CPU.ActiveCfg = Release|Any CPU
		{10D1D811-05A0-4BB5-B4E2-0FD0185865E2}.Release|Any CPU.Build.0 = Release|Any CPU
		{1206ED19-EEA9-499D-A915-24684AF1C771}.Debug|Any CPU.ActiveCfg = Debug|Any CPU
		{1206ED19-EEA9-499D-A915-24684AF1C771}.Debug|Any CPU.Build.0 = Debug|Any CPU
		{1206ED19-EEA9-499D-A915-24684AF1C771}.Release|Any CPU.ActiveCfg = Release|Any CPU
		{1206ED19-EEA9-499D-A915-24684AF1C771}.Release|Any CPU.Build.0 = Release|Any CPU
		{D6EDACB6-634B-4841-87E8-DEBCDD137C7F}.Debug|Any CPU.ActiveCfg = Debug|Any CPU
		{D6EDACB6-634B-4841-87E8-DEBCDD137C7F}.Debug|Any CPU.Build.0 = Debug|Any CPU
		{D6EDACB6-634B-4841-87E8-DEBCDD137C7F}.Release|Any CPU.ActiveCfg = Release|Any CPU
		{D6EDACB6-634B-4841-87E8-DEBCDD137C7F}.Release|Any CPU.Build.0 = Release|Any CPU
		{05D00EDB-B543-444F-84E6-C51705718A02}.Debug|Any CPU.ActiveCfg = Debug|Any CPU
		{05D00EDB-B543-444F-84E6-C51705718A02}.Debug|Any CPU.Build.0 = Debug|Any CPU
		{05D00EDB-B543-444F-84E6-C51705718A02}.Release|Any CPU.ActiveCfg = Release|Any CPU
		{05D00EDB-B543-444F-84E6-C51705718A02}.Release|Any CPU.Build.0 = Release|Any CPU
		{1214FCA0-B62D-4B9A-B5B5-5763373DE0DB}.Debug|Any CPU.ActiveCfg = Debug|Any CPU
		{1214FCA0-B62D-4B9A-B5B5-5763373DE0DB}.Debug|Any CPU.Build.0 = Debug|Any CPU
		{1214FCA0-B62D-4B9A-B5B5-5763373DE0DB}.Release|Any CPU.ActiveCfg = Release|Any CPU
		{1214FCA0-B62D-4B9A-B5B5-5763373DE0DB}.Release|Any CPU.Build.0 = Release|Any CPU
		{7606E818-16DB-47B8-A8F1-D0A621F629E2}.Debug|Any CPU.ActiveCfg = Debug|Any CPU
		{7606E818-16DB-47B8-A8F1-D0A621F629E2}.Debug|Any CPU.Build.0 = Debug|Any CPU
		{7606E818-16DB-47B8-A8F1-D0A621F629E2}.Release|Any CPU.ActiveCfg = Release|Any CPU
		{7606E818-16DB-47B8-A8F1-D0A621F629E2}.Release|Any CPU.Build.0 = Release|Any CPU
		{C25DFB28-05B3-4B4C-A5DB-B6A171952064}.Debug|Any CPU.ActiveCfg = Debug|Any CPU
		{C25DFB28-05B3-4B4C-A5DB-B6A171952064}.Debug|Any CPU.Build.0 = Debug|Any CPU
		{C25DFB28-05B3-4B4C-A5DB-B6A171952064}.Release|Any CPU.ActiveCfg = Release|Any CPU
		{C25DFB28-05B3-4B4C-A5DB-B6A171952064}.Release|Any CPU.Build.0 = Release|Any CPU
	EndGlobalSection
	GlobalSection(SolutionProperties) = preSolution
		HideSolutionNode = FALSE
	EndGlobalSection
	GlobalSection(NestedProjects) = preSolution
		{02D5C78B-282E-4D5C-AD2D-51E7A9D61CB2} = {9D635B26-76B2-417C-BF79-CE461EC4EC6F}
		{10D1D811-05A0-4BB5-B4E2-0FD0185865E2} = {C74B6ACA-4F68-4C0C-9F97-3F181A8414F6}
		{1206ED19-EEA9-499D-A915-24684AF1C771} = {378A7FEE-8048-4432-9017-70357B61AA4B}
		{D6EDACB6-634B-4841-87E8-DEBCDD137C7F} = {7396CFD9-BC17-4E9C-9ADE-87DB20749A48}
		{05D00EDB-B543-444F-84E6-C51705718A02} = {02D5C78B-282E-4D5C-AD2D-51E7A9D61CB2}
		{1214FCA0-B62D-4B9A-B5B5-5763373DE0DB} = {C12FCE53-B5AF-4C3E-8BEC-8AFEF05A739B}
		{7606E818-16DB-47B8-A8F1-D0A621F629E2} = {835BAD3A-FB18-48F5-8FCA-1E7BD008CC7D}
		{C25DFB28-05B3-4B4C-A5DB-B6A171952064} = {5EBF9166-DE6E-42AF-BBDD-81B108E2E6AD}
	EndGlobalSection
	GlobalSection(ExtensibilityGlobals) = postSolution
		SolutionGuid = {6A74609D-99FC-4589-84D9-9B5EB2BC3A1F}
	EndGlobalSection
EndGlobal
